// !$*UTF8*$!
{
	archiveVersion = 1;
	classes = {
	};
	objectVersion = 50;
	objects = {

/* Begin PBXBuildFile section */
		2824112326A01917006D5383 /* Encodable+Parameters.swift in Sources */ = {isa = PBXBuildFile; fileRef = 2824112226A01917006D5383 /* Encodable+Parameters.swift */; };
		2824112526A01C7C006D5383 /* CAstronomyListViewModel.swift in Sources */ = {isa = PBXBuildFile; fileRef = 2824112426A01C7C006D5383 /* CAstronomyListViewModel.swift */; };
		2824112826A05254006D5383 /* ImageHandler.swift in Sources */ = {isa = PBXBuildFile; fileRef = 2824112726A05254006D5383 /* ImageHandler.swift */; };
		2824113026A07DFE006D5383 /* CAstronomyDetailViewController.swift in Sources */ = {isa = PBXBuildFile; fileRef = 2824112E26A07DFE006D5383 /* CAstronomyDetailViewController.swift */; };
		2824113126A07DFE006D5383 /* CAstronomyDetailViewController.xib in Resources */ = {isa = PBXBuildFile; fileRef = 2824112F26A07DFE006D5383 /* CAstronomyDetailViewController.xib */; };
		2865735D26A089A8009F3BFF /* Cancellable.swift in Sources */ = {isa = PBXBuildFile; fileRef = 2865735C26A089A8009F3BFF /* Cancellable.swift */; };
		2865735F26A0900B009F3BFF /* String+Custom.swift in Sources */ = {isa = PBXBuildFile; fileRef = 2865735E26A0900B009F3BFF /* String+Custom.swift */; };
		2865736126A090FA009F3BFF /* Date+Custom.swift in Sources */ = {isa = PBXBuildFile; fileRef = 2865736026A090FA009F3BFF /* Date+Custom.swift */; };
		288C1DD4269D744C00D0C6A8 /* CNavigationController.swift in Sources */ = {isa = PBXBuildFile; fileRef = 288C1DD3269D744C00D0C6A8 /* CNavigationController.swift */; };
		288C1DD7269D747D00D0C6A8 /* Colors.xcassets in Resources */ = {isa = PBXBuildFile; fileRef = 288C1DD6269D747D00D0C6A8 /* Colors.xcassets */; };
		288C1DDA269D74AB00D0C6A8 /* UIColor+Custom.swift in Sources */ = {isa = PBXBuildFile; fileRef = 288C1DD9269D74AB00D0C6A8 /* UIColor+Custom.swift */; };
		288C1DDD269D756600D0C6A8 /* CFirstViewController.swift in Sources */ = {isa = PBXBuildFile; fileRef = 288C1DDB269D756600D0C6A8 /* CFirstViewController.swift */; };
		288C1DDE269D756600D0C6A8 /* CFirstViewController.xib in Resources */ = {isa = PBXBuildFile; fileRef = 288C1DDC269D756600D0C6A8 /* CFirstViewController.xib */; };
		288C1DE1269D979400D0C6A8 /* CAstronomyListViewController.swift in Sources */ = {isa = PBXBuildFile; fileRef = 288C1DDF269D979400D0C6A8 /* CAstronomyListViewController.swift */; };
		288C1DE2269D979400D0C6A8 /* CAstronomyListViewController.xib in Resources */ = {isa = PBXBuildFile; fileRef = 288C1DE0269D979400D0C6A8 /* CAstronomyListViewController.xib */; };
		288C1DED269D9A8600D0C6A8 /* CAstronomyCell.swift in Sources */ = {isa = PBXBuildFile; fileRef = 288C1DEB269D9A8600D0C6A8 /* CAstronomyCell.swift */; };
		288C1DEE269D9A8600D0C6A8 /* CAstronomyCell.xib in Resources */ = {isa = PBXBuildFile; fileRef = 288C1DEC269D9A8600D0C6A8 /* CAstronomyCell.xib */; };
		288C1DF0269D9EA800D0C6A8 /* CAstronomyCollectionViewLayout.swift in Sources */ = {isa = PBXBuildFile; fileRef = 288C1DEF269D9EA800D0C6A8 /* CAstronomyCollectionViewLayout.swift */; };
		288C1E0926A00FBD00D0C6A8 /* HTTPMethod.swift in Sources */ = {isa = PBXBuildFile; fileRef = 288C1E0826A00FBD00D0C6A8 /* HTTPMethod.swift */; };
		288C1E0B26A0123A00D0C6A8 /* URL+Custom.swift in Sources */ = {isa = PBXBuildFile; fileRef = 288C1E0A26A0123A00D0C6A8 /* URL+Custom.swift */; };
		288C1E1F26A0139700D0C6A8 /* APIError.swift in Sources */ = {isa = PBXBuildFile; fileRef = 288C1E1026A0139700D0C6A8 /* APIError.swift */; };
		288C1E2026A0139700D0C6A8 /* Astronomy.swift in Sources */ = {isa = PBXBuildFile; fileRef = 288C1E1226A0139700D0C6A8 /* Astronomy.swift */; };
		288C1E2126A0139700D0C6A8 /* APIParseHandler.swift in Sources */ = {isa = PBXBuildFile; fileRef = 288C1E1326A0139700D0C6A8 /* APIParseHandler.swift */; };
		288C1E2226A0139700D0C6A8 /* AstronomyListRequest.swift in Sources */ = {isa = PBXBuildFile; fileRef = 288C1E1426A0139700D0C6A8 /* AstronomyListRequest.swift */; };
		288C1E2326A0139700D0C6A8 /* astronomyList.json in Resources */ = {isa = PBXBuildFile; fileRef = 288C1E1726A0139700D0C6A8 /* astronomyList.json */; };
		288C1E2426A0139700D0C6A8 /* FakeAPIHandler.swift in Sources */ = {isa = PBXBuildFile; fileRef = 288C1E1826A0139700D0C6A8 /* FakeAPIHandler.swift */; };
		288C1E2526A0139700D0C6A8 /* APIRequestHandler.swift in Sources */ = {isa = PBXBuildFile; fileRef = 288C1E1926A0139700D0C6A8 /* APIRequestHandler.swift */; };
		288C1E2626A0139700D0C6A8 /* APIHandler.swift in Sources */ = {isa = PBXBuildFile; fileRef = 288C1E1A26A0139700D0C6A8 /* APIHandler.swift */; };
		288C1E2726A0139700D0C6A8 /* APIPath.swift in Sources */ = {isa = PBXBuildFile; fileRef = 288C1E1B26A0139700D0C6A8 /* APIPath.swift */; };
		288C1E2826A0139700D0C6A8 /* Observable.swift in Sources */ = {isa = PBXBuildFile; fileRef = 288C1E1C26A0139700D0C6A8 /* Observable.swift */; };
		288C1E2D26A014AF00D0C6A8 /* Requestable.swift in Sources */ = {isa = PBXBuildFile; fileRef = 288C1E2A26A014AF00D0C6A8 /* Requestable.swift */; };
		288C1E2E26A014AF00D0C6A8 /* APIRequestable.swift in Sources */ = {isa = PBXBuildFile; fileRef = 288C1E2B26A014AF00D0C6A8 /* APIRequestable.swift */; };
		288C1E3126A0166800D0C6A8 /* Parameters.swift in Sources */ = {isa = PBXBuildFile; fileRef = 288C1E3026A0166800D0C6A8 /* Parameters.swift */; };
		28F442ED269D71E200988B2D /* AppDelegate.swift in Sources */ = {isa = PBXBuildFile; fileRef = 28F442EC269D71E200988B2D /* AppDelegate.swift */; };
		28F442F6269D71E300988B2D /* Assets.xcassets in Resources */ = {isa = PBXBuildFile; fileRef = 28F442F5269D71E300988B2D /* Assets.xcassets */; };
		28F442F9269D71E300988B2D /* LaunchScreen.storyboard in Resources */ = {isa = PBXBuildFile; fileRef = 28F442F7269D71E300988B2D /* LaunchScreen.storyboard */; };
		28F44304269D71E300988B2D /* cmomeyTests.swift in Sources */ = {isa = PBXBuildFile; fileRef = 28F44303269D71E300988B2D /* cmomeyTests.swift */; };
		28F4430F269D71E300988B2D /* cmomeyUITests.swift in Sources */ = {isa = PBXBuildFile; fileRef = 28F4430E269D71E300988B2D /* cmomeyUITests.swift */; };
/* End PBXBuildFile section */

/* Begin PBXContainerItemProxy section */
		28F44300269D71E300988B2D /* PBXContainerItemProxy */ = {
			isa = PBXContainerItemProxy;
			containerPortal = 28F442E1269D71E200988B2D /* Project object */;
			proxyType = 1;
			remoteGlobalIDString = 28F442E8269D71E200988B2D;
			remoteInfo = cmomey;
		};
		28F4430B269D71E300988B2D /* PBXContainerItemProxy */ = {
			isa = PBXContainerItemProxy;
			containerPortal = 28F442E1269D71E200988B2D /* Project object */;
			proxyType = 1;
			remoteGlobalIDString = 28F442E8269D71E200988B2D;
			remoteInfo = cmomey;
		};
/* End PBXContainerItemProxy section */

/* Begin PBXFileReference section */
		2824112226A01917006D5383 /* Encodable+Parameters.swift */ = {isa = PBXFileReference; lastKnownFileType = sourcecode.swift; path = "Encodable+Parameters.swift"; sourceTree = "<group>"; };
		2824112426A01C7C006D5383 /* CAstronomyListViewModel.swift */ = {isa = PBXFileReference; lastKnownFileType = sourcecode.swift; path = CAstronomyListViewModel.swift; sourceTree = "<group>"; };
		2824112726A05254006D5383 /* ImageHandler.swift */ = {isa = PBXFileReference; lastKnownFileType = sourcecode.swift; path = ImageHandler.swift; sourceTree = "<group>"; };
		2824112E26A07DFE006D5383 /* CAstronomyDetailViewController.swift */ = {isa = PBXFileReference; lastKnownFileType = sourcecode.swift; path = CAstronomyDetailViewController.swift; sourceTree = "<group>"; };
		2824112F26A07DFE006D5383 /* CAstronomyDetailViewController.xib */ = {isa = PBXFileReference; lastKnownFileType = file.xib; path = CAstronomyDetailViewController.xib; sourceTree = "<group>"; };
		2865735C26A089A8009F3BFF /* Cancellable.swift */ = {isa = PBXFileReference; lastKnownFileType = sourcecode.swift; path = Cancellable.swift; sourceTree = "<group>"; };
		2865735E26A0900B009F3BFF /* String+Custom.swift */ = {isa = PBXFileReference; lastKnownFileType = sourcecode.swift; path = "String+Custom.swift"; sourceTree = "<group>"; };
		2865736026A090FA009F3BFF /* Date+Custom.swift */ = {isa = PBXFileReference; lastKnownFileType = sourcecode.swift; path = "Date+Custom.swift"; sourceTree = "<group>"; };
		288C1DD3269D744C00D0C6A8 /* CNavigationController.swift */ = {isa = PBXFileReference; lastKnownFileType = sourcecode.swift; path = CNavigationController.swift; sourceTree = "<group>"; };
		288C1DD6269D747D00D0C6A8 /* Colors.xcassets */ = {isa = PBXFileReference; lastKnownFileType = folder.assetcatalog; path = Colors.xcassets; sourceTree = "<group>"; };
		288C1DD9269D74AB00D0C6A8 /* UIColor+Custom.swift */ = {isa = PBXFileReference; lastKnownFileType = sourcecode.swift; path = "UIColor+Custom.swift"; sourceTree = "<group>"; };
		288C1DDB269D756600D0C6A8 /* CFirstViewController.swift */ = {isa = PBXFileReference; lastKnownFileType = sourcecode.swift; path = CFirstViewController.swift; sourceTree = "<group>"; };
		288C1DDC269D756600D0C6A8 /* CFirstViewController.xib */ = {isa = PBXFileReference; lastKnownFileType = file.xib; path = CFirstViewController.xib; sourceTree = "<group>"; };
		288C1DDF269D979400D0C6A8 /* CAstronomyListViewController.swift */ = {isa = PBXFileReference; lastKnownFileType = sourcecode.swift; path = CAstronomyListViewController.swift; sourceTree = "<group>"; };
		288C1DE0269D979400D0C6A8 /* CAstronomyListViewController.xib */ = {isa = PBXFileReference; lastKnownFileType = file.xib; path = CAstronomyListViewController.xib; sourceTree = "<group>"; };
		288C1DEB269D9A8600D0C6A8 /* CAstronomyCell.swift */ = {isa = PBXFileReference; lastKnownFileType = sourcecode.swift; path = CAstronomyCell.swift; sourceTree = "<group>"; };
		288C1DEC269D9A8600D0C6A8 /* CAstronomyCell.xib */ = {isa = PBXFileReference; lastKnownFileType = file.xib; path = CAstronomyCell.xib; sourceTree = "<group>"; };
		288C1DEF269D9EA800D0C6A8 /* CAstronomyCollectionViewLayout.swift */ = {isa = PBXFileReference; lastKnownFileType = sourcecode.swift; path = CAstronomyCollectionViewLayout.swift; sourceTree = "<group>"; };
		288C1E0826A00FBD00D0C6A8 /* HTTPMethod.swift */ = {isa = PBXFileReference; lastKnownFileType = sourcecode.swift; path = HTTPMethod.swift; sourceTree = "<group>"; };
		288C1E0A26A0123A00D0C6A8 /* URL+Custom.swift */ = {isa = PBXFileReference; lastKnownFileType = sourcecode.swift; path = "URL+Custom.swift"; sourceTree = "<group>"; };
		288C1E1026A0139700D0C6A8 /* APIError.swift */ = {isa = PBXFileReference; fileEncoding = 4; lastKnownFileType = sourcecode.swift; path = APIError.swift; sourceTree = "<group>"; };
		288C1E1226A0139700D0C6A8 /* Astronomy.swift */ = {isa = PBXFileReference; fileEncoding = 4; lastKnownFileType = sourcecode.swift; path = Astronomy.swift; sourceTree = "<group>"; };
		288C1E1326A0139700D0C6A8 /* APIParseHandler.swift */ = {isa = PBXFileReference; fileEncoding = 4; lastKnownFileType = sourcecode.swift; path = APIParseHandler.swift; sourceTree = "<group>"; };
		288C1E1426A0139700D0C6A8 /* AstronomyListRequest.swift */ = {isa = PBXFileReference; fileEncoding = 4; lastKnownFileType = sourcecode.swift; path = AstronomyListRequest.swift; sourceTree = "<group>"; };
		288C1E1726A0139700D0C6A8 /* astronomyList.json */ = {isa = PBXFileReference; fileEncoding = 4; lastKnownFileType = text.json; path = astronomyList.json; sourceTree = "<group>"; };
		288C1E1826A0139700D0C6A8 /* FakeAPIHandler.swift */ = {isa = PBXFileReference; fileEncoding = 4; lastKnownFileType = sourcecode.swift; path = FakeAPIHandler.swift; sourceTree = "<group>"; };
		288C1E1926A0139700D0C6A8 /* APIRequestHandler.swift */ = {isa = PBXFileReference; fileEncoding = 4; lastKnownFileType = sourcecode.swift; path = APIRequestHandler.swift; sourceTree = "<group>"; };
		288C1E1A26A0139700D0C6A8 /* APIHandler.swift */ = {isa = PBXFileReference; fileEncoding = 4; lastKnownFileType = sourcecode.swift; path = APIHandler.swift; sourceTree = "<group>"; };
		288C1E1B26A0139700D0C6A8 /* APIPath.swift */ = {isa = PBXFileReference; fileEncoding = 4; lastKnownFileType = sourcecode.swift; path = APIPath.swift; sourceTree = "<group>"; };
		288C1E1C26A0139700D0C6A8 /* Observable.swift */ = {isa = PBXFileReference; fileEncoding = 4; lastKnownFileType = sourcecode.swift; path = Observable.swift; sourceTree = "<group>"; };
		288C1E2A26A014AF00D0C6A8 /* Requestable.swift */ = {isa = PBXFileReference; fileEncoding = 4; lastKnownFileType = sourcecode.swift; path = Requestable.swift; sourceTree = "<group>"; };
		288C1E2B26A014AF00D0C6A8 /* APIRequestable.swift */ = {isa = PBXFileReference; fileEncoding = 4; lastKnownFileType = sourcecode.swift; path = APIRequestable.swift; sourceTree = "<group>"; };
		288C1E3026A0166800D0C6A8 /* Parameters.swift */ = {isa = PBXFileReference; lastKnownFileType = sourcecode.swift; path = Parameters.swift; sourceTree = "<group>"; };
		28F442E9269D71E200988B2D /* cmomey.app */ = {isa = PBXFileReference; explicitFileType = wrapper.application; includeInIndex = 0; path = cmomey.app; sourceTree = BUILT_PRODUCTS_DIR; };
		28F442EC269D71E200988B2D /* AppDelegate.swift */ = {isa = PBXFileReference; lastKnownFileType = sourcecode.swift; path = AppDelegate.swift; sourceTree = "<group>"; };
		28F442F5269D71E300988B2D /* Assets.xcassets */ = {isa = PBXFileReference; lastKnownFileType = folder.assetcatalog; path = Assets.xcassets; sourceTree = "<group>"; };
		28F442F8269D71E300988B2D /* Base */ = {isa = PBXFileReference; lastKnownFileType = file.storyboard; name = Base; path = Base.lproj/LaunchScreen.storyboard; sourceTree = "<group>"; };
		28F442FA269D71E300988B2D /* Info.plist */ = {isa = PBXFileReference; lastKnownFileType = text.plist.xml; path = Info.plist; sourceTree = "<group>"; };
		28F442FF269D71E300988B2D /* cmomeyTests.xctest */ = {isa = PBXFileReference; explicitFileType = wrapper.cfbundle; includeInIndex = 0; path = cmomeyTests.xctest; sourceTree = BUILT_PRODUCTS_DIR; };
		28F44303269D71E300988B2D /* cmomeyTests.swift */ = {isa = PBXFileReference; lastKnownFileType = sourcecode.swift; path = cmomeyTests.swift; sourceTree = "<group>"; };
		28F44305269D71E300988B2D /* Info.plist */ = {isa = PBXFileReference; lastKnownFileType = text.plist.xml; path = Info.plist; sourceTree = "<group>"; };
		28F4430A269D71E300988B2D /* cmomeyUITests.xctest */ = {isa = PBXFileReference; explicitFileType = wrapper.cfbundle; includeInIndex = 0; path = cmomeyUITests.xctest; sourceTree = BUILT_PRODUCTS_DIR; };
		28F4430E269D71E300988B2D /* cmomeyUITests.swift */ = {isa = PBXFileReference; lastKnownFileType = sourcecode.swift; path = cmomeyUITests.swift; sourceTree = "<group>"; };
		28F44310269D71E300988B2D /* Info.plist */ = {isa = PBXFileReference; lastKnownFileType = text.plist.xml; path = Info.plist; sourceTree = "<group>"; };
/* End PBXFileReference section */

/* Begin PBXFrameworksBuildPhase section */
		28F442E6269D71E200988B2D /* Frameworks */ = {
			isa = PBXFrameworksBuildPhase;
			buildActionMask = 2147483647;
			files = (
			);
			runOnlyForDeploymentPostprocessing = 0;
		};
		28F442FC269D71E300988B2D /* Frameworks */ = {
			isa = PBXFrameworksBuildPhase;
			buildActionMask = 2147483647;
			files = (
			);
			runOnlyForDeploymentPostprocessing = 0;
		};
		28F44307269D71E300988B2D /* Frameworks */ = {
			isa = PBXFrameworksBuildPhase;
			buildActionMask = 2147483647;
			files = (
			);
			runOnlyForDeploymentPostprocessing = 0;
		};
/* End PBXFrameworksBuildPhase section */

/* Begin PBXGroup section */
		2824112626A0522F006D5383 /* Image */ = {
			isa = PBXGroup;
			children = (
				2824112726A05254006D5383 /* ImageHandler.swift */,
			);
			path = Image;
			sourceTree = "<group>";
		};
		288C1DD2269D742800D0C6A8 /* UICompoments */ = {
			isa = PBXGroup;
			children = (
				288C1DD3269D744C00D0C6A8 /* CNavigationController.swift */,
			);
			path = UICompoments;
			sourceTree = "<group>";
		};
		288C1DD8269D749500D0C6A8 /* Extension */ = {
			isa = PBXGroup;
			children = (
				2865736026A090FA009F3BFF /* Date+Custom.swift */,
				2824112226A01917006D5383 /* Encodable+Parameters.swift */,
				2865735E26A0900B009F3BFF /* String+Custom.swift */,
				288C1DD9269D74AB00D0C6A8 /* UIColor+Custom.swift */,
				288C1E0A26A0123A00D0C6A8 /* URL+Custom.swift */,
			);
			path = Extension;
			sourceTree = "<group>";
		};
		288C1DE3269D998700D0C6A8 /* Controllers */ = {
			isa = PBXGroup;
			children = (
				288C1DEA269D99C900D0C6A8 /* Detail */,
				288C1DE8269D99B600D0C6A8 /* First */,
				288C1DE9269D99C000D0C6A8 /* List */,
			);
			path = Controllers;
			sourceTree = "<group>";
		};
		288C1DE8269D99B600D0C6A8 /* First */ = {
			isa = PBXGroup;
			children = (
				288C1DDB269D756600D0C6A8 /* CFirstViewController.swift */,
				288C1DDC269D756600D0C6A8 /* CFirstViewController.xib */,
			);
			path = First;
			sourceTree = "<group>";
		};
		288C1DE9269D99C000D0C6A8 /* List */ = {
			isa = PBXGroup;
			children = (
				288C1DEB269D9A8600D0C6A8 /* CAstronomyCell.swift */,
				288C1DEC269D9A8600D0C6A8 /* CAstronomyCell.xib */,
				288C1DEF269D9EA800D0C6A8 /* CAstronomyCollectionViewLayout.swift */,
				288C1DDF269D979400D0C6A8 /* CAstronomyListViewController.swift */,
				288C1DE0269D979400D0C6A8 /* CAstronomyListViewController.xib */,
				2824112426A01C7C006D5383 /* CAstronomyListViewModel.swift */,
			);
			path = List;
			sourceTree = "<group>";
		};
		288C1DEA269D99C900D0C6A8 /* Detail */ = {
			isa = PBXGroup;
			children = (
				2824112E26A07DFE006D5383 /* CAstronomyDetailViewController.swift */,
				2824112F26A07DFE006D5383 /* CAstronomyDetailViewController.xib */,
			);
			path = Detail;
			sourceTree = "<group>";
		};
		288C1E0C26A0139700D0C6A8 /* Model */ = {
			isa = PBXGroup;
			children = (
				288C1E0F26A0139700D0C6A8 /* API */,
				2824112626A0522F006D5383 /* Image */,
				288C1E1C26A0139700D0C6A8 /* Observable.swift */,
			);
			path = Model;
			sourceTree = "<group>";
		};
		288C1E0F26A0139700D0C6A8 /* API */ = {
			isa = PBXGroup;
			children = (
				288C1E1526A0139700D0C6A8 /* Fake */,
				288C1E3226A0172900D0C6A8 /* Request */,
				288C1E1126A0139700D0C6A8 /* Response */,
				288C1E1026A0139700D0C6A8 /* APIError.swift */,
				288C1E1A26A0139700D0C6A8 /* APIHandler.swift */,
				288C1E1326A0139700D0C6A8 /* APIParseHandler.swift */,
				288C1E1B26A0139700D0C6A8 /* APIPath.swift */,
				288C1E1926A0139700D0C6A8 /* APIRequestHandler.swift */,
				288C1E0826A00FBD00D0C6A8 /* HTTPMethod.swift */,
				288C1E3026A0166800D0C6A8 /* Parameters.swift */,
			);
			path = API;
			sourceTree = "<group>";
		};
		288C1E1126A0139700D0C6A8 /* Response */ = {
			isa = PBXGroup;
			children = (
				288C1E1226A0139700D0C6A8 /* Astronomy.swift */,
			);
			path = Response;
			sourceTree = "<group>";
		};
		288C1E1526A0139700D0C6A8 /* Fake */ = {
			isa = PBXGroup;
			children = (
				288C1E1626A0139700D0C6A8 /* TestCase */,
				288C1E1826A0139700D0C6A8 /* FakeAPIHandler.swift */,
			);
			path = Fake;
			sourceTree = "<group>";
		};
		288C1E1626A0139700D0C6A8 /* TestCase */ = {
			isa = PBXGroup;
			children = (
				288C1E1726A0139700D0C6A8 /* astronomyList.json */,
			);
			path = TestCase;
			sourceTree = "<group>";
		};
		288C1E2926A014AF00D0C6A8 /* Procotol */ = {
			isa = PBXGroup;
			children = (
				288C1E2B26A014AF00D0C6A8 /* APIRequestable.swift */,
				2865735C26A089A8009F3BFF /* Cancellable.swift */,
				288C1E2A26A014AF00D0C6A8 /* Requestable.swift */,
			);
			path = Procotol;
			sourceTree = "<group>";
		};
		288C1E3226A0172900D0C6A8 /* Request */ = {
			isa = PBXGroup;
			children = (
				288C1E1426A0139700D0C6A8 /* AstronomyListRequest.swift */,
			);
			path = Request;
			sourceTree = "<group>";
		};
		28F442E0269D71E200988B2D = {
			isa = PBXGroup;
			children = (
				28F442EB269D71E200988B2D /* cmomey */,
				28F44302269D71E300988B2D /* cmomeyTests */,
				28F4430D269D71E300988B2D /* cmomeyUITests */,
				28F442EA269D71E200988B2D /* Products */,
			);
			sourceTree = "<group>";
		};
		28F442EA269D71E200988B2D /* Products */ = {
			isa = PBXGroup;
			children = (
				28F442E9269D71E200988B2D /* cmomey.app */,
				28F442FF269D71E300988B2D /* cmomeyTests.xctest */,
				28F4430A269D71E300988B2D /* cmomeyUITests.xctest */,
			);
			name = Products;
			sourceTree = "<group>";
		};
		28F442EB269D71E200988B2D /* cmomey */ = {
			isa = PBXGroup;
			children = (
				288C1DE3269D998700D0C6A8 /* Controllers */,
				288C1DD8269D749500D0C6A8 /* Extension */,
				288C1E0C26A0139700D0C6A8 /* Model */,
				288C1E2926A014AF00D0C6A8 /* Procotol */,
				288C1DD2269D742800D0C6A8 /* UICompoments */,
				28F442EC269D71E200988B2D /* AppDelegate.swift */,
				28F442F5269D71E300988B2D /* Assets.xcassets */,
				288C1DD6269D747D00D0C6A8 /* Colors.xcassets */,
				28F442FA269D71E300988B2D /* Info.plist */,
				28F442F7269D71E300988B2D /* LaunchScreen.storyboard */,
			);
			path = cmomey;
			sourceTree = "<group>";
		};
		28F44302269D71E300988B2D /* cmomeyTests */ = {
			isa = PBXGroup;
			children = (
				28F44303269D71E300988B2D /* cmomeyTests.swift */,
				28F44305269D71E300988B2D /* Info.plist */,
			);
			path = cmomeyTests;
			sourceTree = "<group>";
		};
		28F4430D269D71E300988B2D /* cmomeyUITests */ = {
			isa = PBXGroup;
			children = (
				28F4430E269D71E300988B2D /* cmomeyUITests.swift */,
				28F44310269D71E300988B2D /* Info.plist */,
			);
			path = cmomeyUITests;
			sourceTree = "<group>";
		};
/* End PBXGroup section */

/* Begin PBXNativeTarget section */
		28F442E8269D71E200988B2D /* cmomey */ = {
			isa = PBXNativeTarget;
			buildConfigurationList = 28F44313269D71E300988B2D /* Build configuration list for PBXNativeTarget "cmomey" */;
			buildPhases = (
				28F442E5269D71E200988B2D /* Sources */,
				28F442E6269D71E200988B2D /* Frameworks */,
				28F442E7269D71E200988B2D /* Resources */,
			);
			buildRules = (
			);
			dependencies = (
			);
			name = cmomey;
			packageProductDependencies = (
			);
			productName = cmomey;
			productReference = 28F442E9269D71E200988B2D /* cmomey.app */;
			productType = "com.apple.product-type.application";
		};
		28F442FE269D71E300988B2D /* cmomeyTests */ = {
			isa = PBXNativeTarget;
			buildConfigurationList = 28F44316269D71E300988B2D /* Build configuration list for PBXNativeTarget "cmomeyTests" */;
			buildPhases = (
				28F442FB269D71E300988B2D /* Sources */,
				28F442FC269D71E300988B2D /* Frameworks */,
				28F442FD269D71E300988B2D /* Resources */,
			);
			buildRules = (
			);
			dependencies = (
				28F44301269D71E300988B2D /* PBXTargetDependency */,
			);
			name = cmomeyTests;
			productName = cmomeyTests;
			productReference = 28F442FF269D71E300988B2D /* cmomeyTests.xctest */;
			productType = "com.apple.product-type.bundle.unit-test";
		};
		28F44309269D71E300988B2D /* cmomeyUITests */ = {
			isa = PBXNativeTarget;
			buildConfigurationList = 28F44319269D71E300988B2D /* Build configuration list for PBXNativeTarget "cmomeyUITests" */;
			buildPhases = (
				28F44306269D71E300988B2D /* Sources */,
				28F44307269D71E300988B2D /* Frameworks */,
				28F44308269D71E300988B2D /* Resources */,
			);
			buildRules = (
			);
			dependencies = (
				28F4430C269D71E300988B2D /* PBXTargetDependency */,
			);
			name = cmomeyUITests;
			productName = cmomeyUITests;
			productReference = 28F4430A269D71E300988B2D /* cmomeyUITests.xctest */;
			productType = "com.apple.product-type.bundle.ui-testing";
		};
/* End PBXNativeTarget section */

/* Begin PBXProject section */
		28F442E1269D71E200988B2D /* Project object */ = {
			isa = PBXProject;
			attributes = {
				CLASSPREFIX = C;
				LastSwiftUpdateCheck = 1250;
				LastUpgradeCheck = 1250;
				TargetAttributes = {
					28F442E8269D71E200988B2D = {
						CreatedOnToolsVersion = 12.5.1;
					};
					28F442FE269D71E300988B2D = {
						CreatedOnToolsVersion = 12.5.1;
						TestTargetID = 28F442E8269D71E200988B2D;
					};
					28F44309269D71E300988B2D = {
						CreatedOnToolsVersion = 12.5.1;
						TestTargetID = 28F442E8269D71E200988B2D;
					};
				};
			};
			buildConfigurationList = 28F442E4269D71E200988B2D /* Build configuration list for PBXProject "cmomey" */;
			compatibilityVersion = "Xcode 9.3";
			developmentRegion = en;
			hasScannedForEncodings = 0;
			knownRegions = (
				en,
				Base,
			);
			mainGroup = 28F442E0269D71E200988B2D;
			packageReferences = (
			);
			productRefGroup = 28F442EA269D71E200988B2D /* Products */;
			projectDirPath = "";
			projectRoot = "";
			targets = (
				28F442E8269D71E200988B2D /* cmomey */,
				28F442FE269D71E300988B2D /* cmomeyTests */,
				28F44309269D71E300988B2D /* cmomeyUITests */,
			);
		};
/* End PBXProject section */

/* Begin PBXResourcesBuildPhase section */
		28F442E7269D71E200988B2D /* Resources */ = {
			isa = PBXResourcesBuildPhase;
			buildActionMask = 2147483647;
			files = (
				28F442F6269D71E300988B2D /* Assets.xcassets in Resources */,
				288C1E2326A0139700D0C6A8 /* astronomyList.json in Resources */,
				288C1DEE269D9A8600D0C6A8 /* CAstronomyCell.xib in Resources */,
				2824113126A07DFE006D5383 /* CAstronomyDetailViewController.xib in Resources */,
				288C1DE2269D979400D0C6A8 /* CAstronomyListViewController.xib in Resources */,
				288C1DDE269D756600D0C6A8 /* CFirstViewController.xib in Resources */,
				288C1DD7269D747D00D0C6A8 /* Colors.xcassets in Resources */,
				28F442F9269D71E300988B2D /* LaunchScreen.storyboard in Resources */,
			);
			runOnlyForDeploymentPostprocessing = 0;
		};
		28F442FD269D71E300988B2D /* Resources */ = {
			isa = PBXResourcesBuildPhase;
			buildActionMask = 2147483647;
			files = (
			);
			runOnlyForDeploymentPostprocessing = 0;
		};
		28F44308269D71E300988B2D /* Resources */ = {
			isa = PBXResourcesBuildPhase;
			buildActionMask = 2147483647;
			files = (
			);
			runOnlyForDeploymentPostprocessing = 0;
		};
/* End PBXResourcesBuildPhase section */

/* Begin PBXSourcesBuildPhase section */
		28F442E5269D71E200988B2D /* Sources */ = {
			isa = PBXSourcesBuildPhase;
			buildActionMask = 2147483647;
			files = (
				288C1E1F26A0139700D0C6A8 /* APIError.swift in Sources */,
				288C1E2626A0139700D0C6A8 /* APIHandler.swift in Sources */,
				288C1E2126A0139700D0C6A8 /* APIParseHandler.swift in Sources */,
				288C1E2726A0139700D0C6A8 /* APIPath.swift in Sources */,
				288C1E2E26A014AF00D0C6A8 /* APIRequestable.swift in Sources */,
				288C1E2526A0139700D0C6A8 /* APIRequestHandler.swift in Sources */,
				28F442ED269D71E200988B2D /* AppDelegate.swift in Sources */,
				288C1E2026A0139700D0C6A8 /* Astronomy.swift in Sources */,
				288C1E2226A0139700D0C6A8 /* AstronomyListRequest.swift in Sources */,
				2865735D26A089A8009F3BFF /* Cancellable.swift in Sources */,
				288C1DED269D9A8600D0C6A8 /* CAstronomyCell.swift in Sources */,
				288C1DF0269D9EA800D0C6A8 /* CAstronomyCollectionViewLayout.swift in Sources */,
				2824113026A07DFE006D5383 /* CAstronomyDetailViewController.swift in Sources */,
				288C1DE1269D979400D0C6A8 /* CAstronomyListViewController.swift in Sources */,
				2824112526A01C7C006D5383 /* CAstronomyListViewModel.swift in Sources */,
				288C1DDD269D756600D0C6A8 /* CFirstViewController.swift in Sources */,
				288C1DD4269D744C00D0C6A8 /* CNavigationController.swift in Sources */,
				2865736126A090FA009F3BFF /* Date+Custom.swift in Sources */,
				2824112326A01917006D5383 /* Encodable+Parameters.swift in Sources */,
				288C1E2426A0139700D0C6A8 /* FakeAPIHandler.swift in Sources */,
				288C1E0926A00FBD00D0C6A8 /* HTTPMethod.swift in Sources */,
				2824112826A05254006D5383 /* ImageHandler.swift in Sources */,
				288C1E2826A0139700D0C6A8 /* Observable.swift in Sources */,
				288C1E3126A0166800D0C6A8 /* Parameters.swift in Sources */,
				288C1E2D26A014AF00D0C6A8 /* Requestable.swift in Sources */,
				2865735F26A0900B009F3BFF /* String+Custom.swift in Sources */,
				288C1DDA269D74AB00D0C6A8 /* UIColor+Custom.swift in Sources */,
				288C1E0B26A0123A00D0C6A8 /* URL+Custom.swift in Sources */,
			);
			runOnlyForDeploymentPostprocessing = 0;
		};
		28F442FB269D71E300988B2D /* Sources */ = {
			isa = PBXSourcesBuildPhase;
			buildActionMask = 2147483647;
			files = (
				28F44304269D71E300988B2D /* cmomeyTests.swift in Sources */,
			);
			runOnlyForDeploymentPostprocessing = 0;
		};
		28F44306269D71E300988B2D /* Sources */ = {
			isa = PBXSourcesBuildPhase;
			buildActionMask = 2147483647;
			files = (
				28F4430F269D71E300988B2D /* cmomeyUITests.swift in Sources */,
			);
			runOnlyForDeploymentPostprocessing = 0;
		};
/* End PBXSourcesBuildPhase section */

/* Begin PBXTargetDependency section */
		28F44301269D71E300988B2D /* PBXTargetDependency */ = {
			isa = PBXTargetDependency;
			target = 28F442E8269D71E200988B2D /* cmomey */;
			targetProxy = 28F44300269D71E300988B2D /* PBXContainerItemProxy */;
		};
		28F4430C269D71E300988B2D /* PBXTargetDependency */ = {
			isa = PBXTargetDependency;
			target = 28F442E8269D71E200988B2D /* cmomey */;
			targetProxy = 28F4430B269D71E300988B2D /* PBXContainerItemProxy */;
		};
/* End PBXTargetDependency section */

/* Begin PBXVariantGroup section */
		28F442F7269D71E300988B2D /* LaunchScreen.storyboard */ = {
			isa = PBXVariantGroup;
			children = (
				28F442F8269D71E300988B2D /* Base */,
			);
			name = LaunchScreen.storyboard;
			sourceTree = "<group>";
		};
/* End PBXVariantGroup section */

/* Begin XCBuildConfiguration section */
		28F44311269D71E300988B2D /* Debug */ = {
			isa = XCBuildConfiguration;
			buildSettings = {
				ALWAYS_SEARCH_USER_PATHS = NO;
				CLANG_ANALYZER_NONNULL = YES;
				CLANG_ANALYZER_NUMBER_OBJECT_CONVERSION = YES_AGGRESSIVE;
				CLANG_CXX_LANGUAGE_STANDARD = "gnu++14";
				CLANG_CXX_LIBRARY = "libc++";
				CLANG_ENABLE_MODULES = YES;
				CLANG_ENABLE_OBJC_ARC = YES;
				CLANG_ENABLE_OBJC_WEAK = YES;
				CLANG_WARN_BLOCK_CAPTURE_AUTORELEASING = YES;
				CLANG_WARN_BOOL_CONVERSION = YES;
				CLANG_WARN_COMMA = YES;
				CLANG_WARN_CONSTANT_CONVERSION = YES;
				CLANG_WARN_DEPRECATED_OBJC_IMPLEMENTATIONS = YES;
				CLANG_WARN_DIRECT_OBJC_ISA_USAGE = YES_ERROR;
				CLANG_WARN_DOCUMENTATION_COMMENTS = YES;
				CLANG_WARN_EMPTY_BODY = YES;
				CLANG_WARN_ENUM_CONVERSION = YES;
				CLANG_WARN_INFINITE_RECURSION = YES;
				CLANG_WARN_INT_CONVERSION = YES;
				CLANG_WARN_NON_LITERAL_NULL_CONVERSION = YES;
				CLANG_WARN_OBJC_IMPLICIT_RETAIN_SELF = YES;
				CLANG_WARN_OBJC_LITERAL_CONVERSION = YES;
				CLANG_WARN_OBJC_ROOT_CLASS = YES_ERROR;
				CLANG_WARN_QUOTED_INCLUDE_IN_FRAMEWORK_HEADER = YES;
				CLANG_WARN_RANGE_LOOP_ANALYSIS = YES;
				CLANG_WARN_STRICT_PROTOTYPES = YES;
				CLANG_WARN_SUSPICIOUS_MOVE = YES;
				CLANG_WARN_UNGUARDED_AVAILABILITY = YES_AGGRESSIVE;
				CLANG_WARN_UNREACHABLE_CODE = YES;
				CLANG_WARN__DUPLICATE_METHOD_MATCH = YES;
				COPY_PHASE_STRIP = NO;
				DEBUG_INFORMATION_FORMAT = dwarf;
				ENABLE_STRICT_OBJC_MSGSEND = YES;
				ENABLE_TESTABILITY = YES;
				GCC_C_LANGUAGE_STANDARD = gnu11;
				GCC_DYNAMIC_NO_PIC = NO;
				GCC_NO_COMMON_BLOCKS = YES;
				GCC_OPTIMIZATION_LEVEL = 0;
				GCC_PREPROCESSOR_DEFINITIONS = (
					"DEBUG=1",
					"$(inherited)",
				);
				GCC_WARN_64_TO_32_BIT_CONVERSION = YES;
				GCC_WARN_ABOUT_RETURN_TYPE = YES_ERROR;
				GCC_WARN_UNDECLARED_SELECTOR = YES;
				GCC_WARN_UNINITIALIZED_AUTOS = YES_AGGRESSIVE;
				GCC_WARN_UNUSED_FUNCTION = YES;
				GCC_WARN_UNUSED_VARIABLE = YES;
				IPHONEOS_DEPLOYMENT_TARGET = 14.5;
				MTL_ENABLE_DEBUG_INFO = INCLUDE_SOURCE;
				MTL_FAST_MATH = YES;
				ONLY_ACTIVE_ARCH = YES;
				SDKROOT = iphoneos;
				SWIFT_ACTIVE_COMPILATION_CONDITIONS = DEBUG;
				SWIFT_OPTIMIZATION_LEVEL = "-Onone";
			};
			name = Debug;
		};
		28F44312269D71E300988B2D /* Release */ = {
			isa = XCBuildConfiguration;
			buildSettings = {
				ALWAYS_SEARCH_USER_PATHS = NO;
				CLANG_ANALYZER_NONNULL = YES;
				CLANG_ANALYZER_NUMBER_OBJECT_CONVERSION = YES_AGGRESSIVE;
				CLANG_CXX_LANGUAGE_STANDARD = "gnu++14";
				CLANG_CXX_LIBRARY = "libc++";
				CLANG_ENABLE_MODULES = YES;
				CLANG_ENABLE_OBJC_ARC = YES;
				CLANG_ENABLE_OBJC_WEAK = YES;
				CLANG_WARN_BLOCK_CAPTURE_AUTORELEASING = YES;
				CLANG_WARN_BOOL_CONVERSION = YES;
				CLANG_WARN_COMMA = YES;
				CLANG_WARN_CONSTANT_CONVERSION = YES;
				CLANG_WARN_DEPRECATED_OBJC_IMPLEMENTATIONS = YES;
				CLANG_WARN_DIRECT_OBJC_ISA_USAGE = YES_ERROR;
				CLANG_WARN_DOCUMENTATION_COMMENTS = YES;
				CLANG_WARN_EMPTY_BODY = YES;
				CLANG_WARN_ENUM_CONVERSION = YES;
				CLANG_WARN_INFINITE_RECURSION = YES;
				CLANG_WARN_INT_CONVERSION = YES;
				CLANG_WARN_NON_LITERAL_NULL_CONVERSION = YES;
				CLANG_WARN_OBJC_IMPLICIT_RETAIN_SELF = YES;
				CLANG_WARN_OBJC_LITERAL_CONVERSION = YES;
				CLANG_WARN_OBJC_ROOT_CLASS = YES_ERROR;
				CLANG_WARN_QUOTED_INCLUDE_IN_FRAMEWORK_HEADER = YES;
				CLANG_WARN_RANGE_LOOP_ANALYSIS = YES;
				CLANG_WARN_STRICT_PROTOTYPES = YES;
				CLANG_WARN_SUSPICIOUS_MOVE = YES;
				CLANG_WARN_UNGUARDED_AVAILABILITY = YES_AGGRESSIVE;
				CLANG_WARN_UNREACHABLE_CODE = YES;
				CLANG_WARN__DUPLICATE_METHOD_MATCH = YES;
				COPY_PHASE_STRIP = NO;
				DEBUG_INFORMATION_FORMAT = "dwarf-with-dsym";
				ENABLE_NS_ASSERTIONS = NO;
				ENABLE_STRICT_OBJC_MSGSEND = YES;
				GCC_C_LANGUAGE_STANDARD = gnu11;
				GCC_NO_COMMON_BLOCKS = YES;
				GCC_WARN_64_TO_32_BIT_CONVERSION = YES;
				GCC_WARN_ABOUT_RETURN_TYPE = YES_ERROR;
				GCC_WARN_UNDECLARED_SELECTOR = YES;
				GCC_WARN_UNINITIALIZED_AUTOS = YES_AGGRESSIVE;
				GCC_WARN_UNUSED_FUNCTION = YES;
				GCC_WARN_UNUSED_VARIABLE = YES;
				IPHONEOS_DEPLOYMENT_TARGET = 14.5;
				MTL_ENABLE_DEBUG_INFO = NO;
				MTL_FAST_MATH = YES;
				SDKROOT = iphoneos;
				SWIFT_COMPILATION_MODE = wholemodule;
				SWIFT_OPTIMIZATION_LEVEL = "-O";
				VALIDATE_PRODUCT = YES;
			};
			name = Release;
		};
		28F44314269D71E300988B2D /* Debug */ = {
			isa = XCBuildConfiguration;
			buildSettings = {
				ASSETCATALOG_COMPILER_APPICON_NAME = AppIcon;
				ASSETCATALOG_COMPILER_GLOBAL_ACCENT_COLOR_NAME = AccentColor;
				CODE_SIGN_IDENTITY = "Apple Development";
				CODE_SIGN_STYLE = Automatic;
				DEVELOPMENT_TEAM = TMAN347XG5;
				INFOPLIST_FILE = cmomey/Info.plist;
				LD_RUNPATH_SEARCH_PATHS = (
					"$(inherited)",
					"@executable_path/Frameworks",
				);
				PRODUCT_BUNDLE_IDENTIFIER = com.wii.cmomey;
				PRODUCT_NAME = "$(TARGET_NAME)";
				PROVISIONING_PROFILE_SPECIFIER = "";
				SWIFT_VERSION = 5.0;
				TARGETED_DEVICE_FAMILY = "1,2";
			};
			name = Debug;
		};
		28F44315269D71E300988B2D /* Release */ = {
			isa = XCBuildConfiguration;
			buildSettings = {
				ASSETCATALOG_COMPILER_APPICON_NAME = AppIcon;
				ASSETCATALOG_COMPILER_GLOBAL_ACCENT_COLOR_NAME = AccentColor;
				CODE_SIGN_IDENTITY = "Apple Development";
				CODE_SIGN_STYLE = Automatic;
				DEVELOPMENT_TEAM = TMAN347XG5;
				INFOPLIST_FILE = cmomey/Info.plist;
				LD_RUNPATH_SEARCH_PATHS = (
					"$(inherited)",
					"@executable_path/Frameworks",
				);
				PRODUCT_BUNDLE_IDENTIFIER = com.wii.cmomey;
				PRODUCT_NAME = "$(TARGET_NAME)";
				PROVISIONING_PROFILE_SPECIFIER = "";
				SWIFT_VERSION = 5.0;
				TARGETED_DEVICE_FAMILY = "1,2";
			};
			name = Release;
		};
		28F44317269D71E300988B2D /* Debug */ = {
			isa = XCBuildConfiguration;
			buildSettings = {
				ALWAYS_EMBED_SWIFT_STANDARD_LIBRARIES = YES;
				BUNDLE_LOADER = "$(TEST_HOST)";
				CODE_SIGN_STYLE = Automatic;
				INFOPLIST_FILE = cmomeyTests/Info.plist;
				IPHONEOS_DEPLOYMENT_TARGET = 14.5;
				LD_RUNPATH_SEARCH_PATHS = (
					"$(inherited)",
					"@executable_path/Frameworks",
					"@loader_path/Frameworks",
				);
				PRODUCT_BUNDLE_IDENTIFIER = com.wii.cmomeyTests;
				PRODUCT_NAME = "$(TARGET_NAME)";
				SWIFT_VERSION = 5.0;
				TARGETED_DEVICE_FAMILY = "1,2";
				TEST_HOST = "$(BUILT_PRODUCTS_DIR)/cmomey.app/cmomey";
			};
			name = Debug;
		};
		28F44318269D71E300988B2D /* Release */ = {
			isa = XCBuildConfiguration;
			buildSettings = {
				ALWAYS_EMBED_SWIFT_STANDARD_LIBRARIES = YES;
				BUNDLE_LOADER = "$(TEST_HOST)";
				CODE_SIGN_STYLE = Automatic;
				INFOPLIST_FILE = cmomeyTests/Info.plist;
				IPHONEOS_DEPLOYMENT_TARGET = 14.5;
				LD_RUNPATH_SEARCH_PATHS = (
					"$(inherited)",
					"@executable_path/Frameworks",
					"@loader_path/Frameworks",
				);
				PRODUCT_BUNDLE_IDENTIFIER = com.wii.cmomeyTests;
				PRODUCT_NAME = "$(TARGET_NAME)";
				SWIFT_VERSION = 5.0;
				TARGETED_DEVICE_FAMILY = "1,2";
				TEST_HOST = "$(BUILT_PRODUCTS_DIR)/cmomey.app/cmomey";
			};
			name = Release;
		};
		28F4431A269D71E300988B2D /* Debug */ = {
			isa = XCBuildConfiguration;
			buildSettings = {
				ALWAYS_EMBED_SWIFT_STANDARD_LIBRARIES = YES;
				CODE_SIGN_STYLE = Automatic;
				INFOPLIST_FILE = cmomeyUITests/Info.plist;
				LD_RUNPATH_SEARCH_PATHS = (
					"$(inherited)",
					"@executable_path/Frameworks",
					"@loader_path/Frameworks",
				);
				PRODUCT_BUNDLE_IDENTIFIER = com.wii.cmomeyUITests;
				PRODUCT_NAME = "$(TARGET_NAME)";
				SWIFT_VERSION = 5.0;
				TARGETED_DEVICE_FAMILY = "1,2";
				TEST_TARGET_NAME = cmomey;
			};
			name = Debug;
		};
		28F4431B269D71E300988B2D /* Release */ = {
			isa = XCBuildConfiguration;
			buildSettings = {
				ALWAYS_EMBED_SWIFT_STANDARD_LIBRARIES = YES;
				CODE_SIGN_STYLE = Automatic;
				INFOPLIST_FILE = cmomeyUITests/Info.plist;
				LD_RUNPATH_SEARCH_PATHS = (
					"$(inherited)",
					"@executable_path/Frameworks",
					"@loader_path/Frameworks",
				);
				PRODUCT_BUNDLE_IDENTIFIER = com.wii.cmomeyUITests;
				PRODUCT_NAME = "$(TARGET_NAME)";
				SWIFT_VERSION = 5.0;
				TARGETED_DEVICE_FAMILY = "1,2";
				TEST_TARGET_NAME = cmomey;
			};
			name = Release;
		};
/* End XCBuildConfiguration section */

/* Begin XCConfigurationList section */
		28F442E4269D71E200988B2D /* Build configuration list for PBXProject "cmomey" */ = {
			isa = XCConfigurationList;
			buildConfigurations = (
				28F44311269D71E300988B2D /* Debug */,
				28F44312269D71E300988B2D /* Release */,
			);
			defaultConfigurationIsVisible = 0;
			defaultConfigurationName = Release;
		};
		28F44313269D71E300988B2D /* Build configuration list for PBXNativeTarget "cmomey" */ = {
			isa = XCConfigurationList;
			buildConfigurations = (
				28F44314269D71E300988B2D /* Debug */,
				28F44315269D71E300988B2D /* Release */,
			);
			defaultConfigurationIsVisible = 0;
			defaultConfigurationName = Release;
		};
		28F44316269D71E300988B2D /* Build configuration list for PBXNativeTarget "cmomeyTests" */ = {
			isa = XCConfigurationList;
			buildConfigurations = (
				28F44317269D71E300988B2D /* Debug */,
				28F44318269D71E300988B2D /* Release */,
			);
			defaultConfigurationIsVisible = 0;
			defaultConfigurationName = Release;
		};
		28F44319269D71E300988B2D /* Build configuration list for PBXNativeTarget "cmomeyUITests" */ = {
			isa = XCConfigurationList;
			buildConfigurations = (
				28F4431A269D71E300988B2D /* Debug */,
				28F4431B269D71E300988B2D /* Release */,
			);
			defaultConfigurationIsVisible = 0;
			defaultConfigurationName = Release;
		};
/* End XCConfigurationList section */
	};
	rootObject = 28F442E1269D71E200988B2D /* Project object */;
}
